// !$*UTF8*$!
{
	archiveVersion = 1;
	classes = {
	};
	objectVersion = 56;
	objects = {

/* Begin PBXBuildFile section */
		418F9F5A2982F67500D315D6 /* DiaryEntity+CoreDataClass.swift in Sources */ = {isa = PBXBuildFile; fileRef = 418F9F582982F67500D315D6 /* DiaryEntity+CoreDataClass.swift */; };
		418F9F5B2982F67500D315D6 /* DiaryEntity+CoreDataProperties.swift in Sources */ = {isa = PBXBuildFile; fileRef = 418F9F592982F67500D315D6 /* DiaryEntity+CoreDataProperties.swift */; };
		419F484729817980001830C8 /* AppDelegate.swift in Sources */ = {isa = PBXBuildFile; fileRef = 419F484629817980001830C8 /* AppDelegate.swift */; };
		419F484929817980001830C8 /* SceneDelegate.swift in Sources */ = {isa = PBXBuildFile; fileRef = 419F484829817980001830C8 /* SceneDelegate.swift */; };
		419F484B29817980001830C8 /* TableViewController.swift in Sources */ = {isa = PBXBuildFile; fileRef = 419F484A29817980001830C8 /* TableViewController.swift */; };
		419F485129817980001830C8 /* Diary.xcdatamodeld in Sources */ = {isa = PBXBuildFile; fileRef = 419F484F29817980001830C8 /* Diary.xcdatamodeld */; };
		419F485329817981001830C8 /* Assets.xcassets in Resources */ = {isa = PBXBuildFile; fileRef = 419F485229817981001830C8 /* Assets.xcassets */; };
		419F485629817981001830C8 /* LaunchScreen.storyboard in Resources */ = {isa = PBXBuildFile; fileRef = 419F485429817981001830C8 /* LaunchScreen.storyboard */; };
		419F486129817981001830C8 /* DiaryTests.swift in Sources */ = {isa = PBXBuildFile; fileRef = 419F486029817981001830C8 /* DiaryTests.swift */; };
		419F486B29817981001830C8 /* DiaryUITests.swift in Sources */ = {isa = PBXBuildFile; fileRef = 419F486A29817981001830C8 /* DiaryUITests.swift */; };
		419F486D29817981001830C8 /* DiaryUITestsLaunchTests.swift in Sources */ = {isa = PBXBuildFile; fileRef = 419F486C29817981001830C8 /* DiaryUITestsLaunchTests.swift */; };
		419F487B29817D91001830C8 /* SnapKit in Frameworks */ = {isa = PBXBuildFile; productRef = 419F487A29817D91001830C8 /* SnapKit */; };
		419F487D29818A22001830C8 /* TableView.swift in Sources */ = {isa = PBXBuildFile; fileRef = 419F487C29818A22001830C8 /* TableView.swift */; };
		419F487F29818C97001830C8 /* TableViewCell.swift in Sources */ = {isa = PBXBuildFile; fileRef = 419F487E29818C97001830C8 /* TableViewCell.swift */; };
		419F48842981A083001830C8 /* DiaryViewController.swift in Sources */ = {isa = PBXBuildFile; fileRef = 419F48832981A083001830C8 /* DiaryViewController.swift */; };
		419F48862981A2E9001830C8 /* DiaryView.swift in Sources */ = {isa = PBXBuildFile; fileRef = 419F48852981A2E9001830C8 /* DiaryView.swift */; };
/* End PBXBuildFile section */

/* Begin PBXContainerItemProxy section */
		419F485D29817981001830C8 /* PBXContainerItemProxy */ = {
			isa = PBXContainerItemProxy;
			containerPortal = 419F483B29817980001830C8 /* Project object */;
			proxyType = 1;
			remoteGlobalIDString = 419F484229817980001830C8;
			remoteInfo = Diary;
		};
		419F486729817981001830C8 /* PBXContainerItemProxy */ = {
			isa = PBXContainerItemProxy;
			containerPortal = 419F483B29817980001830C8 /* Project object */;
			proxyType = 1;
			remoteGlobalIDString = 419F484229817980001830C8;
			remoteInfo = Diary;
		};
/* End PBXContainerItemProxy section */

/* Begin PBXFileReference section */
		418F9F582982F67500D315D6 /* DiaryEntity+CoreDataClass.swift */ = {isa = PBXFileReference; lastKnownFileType = sourcecode.swift; path = "DiaryEntity+CoreDataClass.swift"; sourceTree = "<group>"; };
		418F9F592982F67500D315D6 /* DiaryEntity+CoreDataProperties.swift */ = {isa = PBXFileReference; lastKnownFileType = sourcecode.swift; path = "DiaryEntity+CoreDataProperties.swift"; sourceTree = "<group>"; };
		419F484329817980001830C8 /* Diary.app */ = {isa = PBXFileReference; explicitFileType = wrapper.application; includeInIndex = 0; path = Diary.app; sourceTree = BUILT_PRODUCTS_DIR; };
		419F484629817980001830C8 /* AppDelegate.swift */ = {isa = PBXFileReference; lastKnownFileType = sourcecode.swift; path = AppDelegate.swift; sourceTree = "<group>"; };
		419F484829817980001830C8 /* SceneDelegate.swift */ = {isa = PBXFileReference; lastKnownFileType = sourcecode.swift; path = SceneDelegate.swift; sourceTree = "<group>"; };
		419F484A29817980001830C8 /* TableViewController.swift */ = {isa = PBXFileReference; lastKnownFileType = sourcecode.swift; path = TableViewController.swift; sourceTree = "<group>"; };
		419F485029817980001830C8 /* Diary.xcdatamodel */ = {isa = PBXFileReference; lastKnownFileType = wrapper.xcdatamodel; path = Diary.xcdatamodel; sourceTree = "<group>"; };
		419F485229817981001830C8 /* Assets.xcassets */ = {isa = PBXFileReference; lastKnownFileType = folder.assetcatalog; path = Assets.xcassets; sourceTree = "<group>"; };
		419F485529817981001830C8 /* Base */ = {isa = PBXFileReference; lastKnownFileType = file.storyboard; name = Base; path = Base.lproj/LaunchScreen.storyboard; sourceTree = "<group>"; };
		419F485729817981001830C8 /* Info.plist */ = {isa = PBXFileReference; lastKnownFileType = text.plist.xml; path = Info.plist; sourceTree = "<group>"; };
		419F485C29817981001830C8 /* DiaryTests.xctest */ = {isa = PBXFileReference; explicitFileType = wrapper.cfbundle; includeInIndex = 0; path = DiaryTests.xctest; sourceTree = BUILT_PRODUCTS_DIR; };
		419F486029817981001830C8 /* DiaryTests.swift */ = {isa = PBXFileReference; lastKnownFileType = sourcecode.swift; path = DiaryTests.swift; sourceTree = "<group>"; };
		419F486629817981001830C8 /* DiaryUITests.xctest */ = {isa = PBXFileReference; explicitFileType = wrapper.cfbundle; includeInIndex = 0; path = DiaryUITests.xctest; sourceTree = BUILT_PRODUCTS_DIR; };
		419F486A29817981001830C8 /* DiaryUITests.swift */ = {isa = PBXFileReference; lastKnownFileType = sourcecode.swift; path = DiaryUITests.swift; sourceTree = "<group>"; };
		419F486C29817981001830C8 /* DiaryUITestsLaunchTests.swift */ = {isa = PBXFileReference; lastKnownFileType = sourcecode.swift; path = DiaryUITestsLaunchTests.swift; sourceTree = "<group>"; };
		419F487C29818A22001830C8 /* TableView.swift */ = {isa = PBXFileReference; lastKnownFileType = sourcecode.swift; path = TableView.swift; sourceTree = "<group>"; };
		419F487E29818C97001830C8 /* TableViewCell.swift */ = {isa = PBXFileReference; lastKnownFileType = sourcecode.swift; path = TableViewCell.swift; sourceTree = "<group>"; };
		419F48832981A083001830C8 /* DiaryViewController.swift */ = {isa = PBXFileReference; lastKnownFileType = sourcecode.swift; path = DiaryViewController.swift; sourceTree = "<group>"; };
		419F48852981A2E9001830C8 /* DiaryView.swift */ = {isa = PBXFileReference; lastKnownFileType = sourcecode.swift; path = DiaryView.swift; sourceTree = "<group>"; };
/* End PBXFileReference section */

/* Begin PBXFrameworksBuildPhase section */
		419F484029817980001830C8 /* Frameworks */ = {
			isa = PBXFrameworksBuildPhase;
			buildActionMask = 2147483647;
			files = (
				419F487B29817D91001830C8 /* SnapKit in Frameworks */,
			);
			runOnlyForDeploymentPostprocessing = 0;
		};
		419F485929817981001830C8 /* Frameworks */ = {
			isa = PBXFrameworksBuildPhase;
			buildActionMask = 2147483647;
			files = (
			);
			runOnlyForDeploymentPostprocessing = 0;
		};
		419F486329817981001830C8 /* Frameworks */ = {
			isa = PBXFrameworksBuildPhase;
			buildActionMask = 2147483647;
			files = (
			);
			runOnlyForDeploymentPostprocessing = 0;
		};
/* End PBXFrameworksBuildPhase section */

/* Begin PBXGroup section */
		412BBECB2983AEC400316ADF /* Controller */ = {
			isa = PBXGroup;
			children = (
				419F48832981A083001830C8 /* DiaryViewController.swift */,
				419F484A29817980001830C8 /* TableViewController.swift */,
			);
			path = Controller;
			sourceTree = "<group>";
		};
		412BBECC2983B0D700316ADF /* App */ = {
			isa = PBXGroup;
			children = (
				419F485429817981001830C8 /* LaunchScreen.storyboard */,
				419F484629817980001830C8 /* AppDelegate.swift */,
				419F484829817980001830C8 /* SceneDelegate.swift */,
				419F485729817981001830C8 /* Info.plist */,
				419F485229817981001830C8 /* Assets.xcassets */,
			);
			path = App;
			sourceTree = "<group>";
		};
		412BBECD2983B0F200316ADF /* CoreData */ = {
			isa = PBXGroup;
			children = (
				419F484F29817980001830C8 /* Diary.xcdatamodeld */,
				418F9F582982F67500D315D6 /* DiaryEntity+CoreDataClass.swift */,
				418F9F592982F67500D315D6 /* DiaryEntity+CoreDataProperties.swift */,
			);
			path = CoreData;
			sourceTree = "<group>";
		};
		41957F152983ADC400907A1E /* View */ = {
			isa = PBXGroup;
			children = (
				419F487C29818A22001830C8 /* TableView.swift */,
				419F487E29818C97001830C8 /* TableViewCell.swift */,
				419F48852981A2E9001830C8 /* DiaryView.swift */,
			);
			path = View;
			sourceTree = "<group>";
		};
		419F483A29817980001830C8 = {
			isa = PBXGroup;
			children = (
				419F484529817980001830C8 /* Diary */,
				419F485F29817981001830C8 /* DiaryTests */,
				419F486929817981001830C8 /* DiaryUITests */,
				419F484429817980001830C8 /* Products */,
			);
			sourceTree = "<group>";
		};
		419F484429817980001830C8 /* Products */ = {
			isa = PBXGroup;
			children = (
				419F484329817980001830C8 /* Diary.app */,
				419F485C29817981001830C8 /* DiaryTests.xctest */,
				419F486629817981001830C8 /* DiaryUITests.xctest */,
			);
			name = Products;
			sourceTree = "<group>";
		};
		419F484529817980001830C8 /* Diary */ = {
			isa = PBXGroup;
			children = (
				412BBECC2983B0D700316ADF /* App */,
				412BBECB2983AEC400316ADF /* Controller */,
				41957F152983ADC400907A1E /* View */,
				412BBECD2983B0F200316ADF /* CoreData */,
			);
			path = Diary;
			sourceTree = "<group>";
		};
		419F485F29817981001830C8 /* DiaryTests */ = {
			isa = PBXGroup;
			children = (
				419F486029817981001830C8 /* DiaryTests.swift */,
			);
			path = DiaryTests;
			sourceTree = "<group>";
		};
		419F486929817981001830C8 /* DiaryUITests */ = {
			isa = PBXGroup;
			children = (
				419F486A29817981001830C8 /* DiaryUITests.swift */,
				419F486C29817981001830C8 /* DiaryUITestsLaunchTests.swift */,
			);
			path = DiaryUITests;
			sourceTree = "<group>";
		};
/* End PBXGroup section */

/* Begin PBXNativeTarget section */
		419F484229817980001830C8 /* Diary */ = {
			isa = PBXNativeTarget;
			buildConfigurationList = 419F487029817981001830C8 /* Build configuration list for PBXNativeTarget "Diary" */;
			buildPhases = (
				419F483F29817980001830C8 /* Sources */,
				419F484029817980001830C8 /* Frameworks */,
				419F484129817980001830C8 /* Resources */,
			);
			buildRules = (
			);
			dependencies = (
			);
			name = Diary;
			packageProductDependencies = (
				419F487A29817D91001830C8 /* SnapKit */,
			);
			productName = Diary;
			productReference = 419F484329817980001830C8 /* Diary.app */;
			productType = "com.apple.product-type.application";
		};
		419F485B29817981001830C8 /* DiaryTests */ = {
			isa = PBXNativeTarget;
			buildConfigurationList = 419F487329817981001830C8 /* Build configuration list for PBXNativeTarget "DiaryTests" */;
			buildPhases = (
				419F485829817981001830C8 /* Sources */,
				419F485929817981001830C8 /* Frameworks */,
				419F485A29817981001830C8 /* Resources */,
			);
			buildRules = (
			);
			dependencies = (
				419F485E29817981001830C8 /* PBXTargetDependency */,
			);
			name = DiaryTests;
			productName = DiaryTests;
			productReference = 419F485C29817981001830C8 /* DiaryTests.xctest */;
			productType = "com.apple.product-type.bundle.unit-test";
		};
		419F486529817981001830C8 /* DiaryUITests */ = {
			isa = PBXNativeTarget;
			buildConfigurationList = 419F487629817981001830C8 /* Build configuration list for PBXNativeTarget "DiaryUITests" */;
			buildPhases = (
				419F486229817981001830C8 /* Sources */,
				419F486329817981001830C8 /* Frameworks */,
				419F486429817981001830C8 /* Resources */,
			);
			buildRules = (
			);
			dependencies = (
				419F486829817981001830C8 /* PBXTargetDependency */,
			);
			name = DiaryUITests;
			productName = DiaryUITests;
			productReference = 419F486629817981001830C8 /* DiaryUITests.xctest */;
			productType = "com.apple.product-type.bundle.ui-testing";
		};
/* End PBXNativeTarget section */

/* Begin PBXProject section */
		419F483B29817980001830C8 /* Project object */ = {
			isa = PBXProject;
			attributes = {
				BuildIndependentTargetsInParallel = 1;
				LastSwiftUpdateCheck = 1420;
				LastUpgradeCheck = 1420;
				TargetAttributes = {
					419F484229817980001830C8 = {
						CreatedOnToolsVersion = 14.2;
					};
					419F485B29817981001830C8 = {
						CreatedOnToolsVersion = 14.2;
						TestTargetID = 419F484229817980001830C8;
					};
					419F486529817981001830C8 = {
						CreatedOnToolsVersion = 14.2;
						TestTargetID = 419F484229817980001830C8;
					};
				};
			};
			buildConfigurationList = 419F483E29817980001830C8 /* Build configuration list for PBXProject "Diary" */;
			compatibilityVersion = "Xcode 14.0";
			developmentRegion = en;
			hasScannedForEncodings = 0;
			knownRegions = (
				en,
				Base,
			);
			mainGroup = 419F483A29817980001830C8;
			packageReferences = (
				419F487929817D91001830C8 /* XCRemoteSwiftPackageReference "SnapKit" */,
			);
			productRefGroup = 419F484429817980001830C8 /* Products */;
			projectDirPath = "";
			projectRoot = "";
			targets = (
				419F484229817980001830C8 /* Diary */,
				419F485B29817981001830C8 /* DiaryTests */,
				419F486529817981001830C8 /* DiaryUITests */,
			);
		};
/* End PBXProject section */

/* Begin PBXResourcesBuildPhase section */
		419F484129817980001830C8 /* Resources */ = {
			isa = PBXResourcesBuildPhase;
			buildActionMask = 2147483647;
			files = (
				419F485629817981001830C8 /* LaunchScreen.storyboard in Resources */,
				419F485329817981001830C8 /* Assets.xcassets in Resources */,
			);
			runOnlyForDeploymentPostprocessing = 0;
		};
		419F485A29817981001830C8 /* Resources */ = {
			isa = PBXResourcesBuildPhase;
			buildActionMask = 2147483647;
			files = (
			);
			runOnlyForDeploymentPostprocessing = 0;
		};
		419F486429817981001830C8 /* Resources */ = {
			isa = PBXResourcesBuildPhase;
			buildActionMask = 2147483647;
			files = (
			);
			runOnlyForDeploymentPostprocessing = 0;
		};
/* End PBXResourcesBuildPhase section */

/* Begin PBXSourcesBuildPhase section */
		419F483F29817980001830C8 /* Sources */ = {
			isa = PBXSourcesBuildPhase;
			buildActionMask = 2147483647;
			files = (
				419F484B29817980001830C8 /* TableViewController.swift in Sources */,
				419F487D29818A22001830C8 /* TableView.swift in Sources */,
				418F9F5B2982F67500D315D6 /* DiaryEntity+CoreDataProperties.swift in Sources */,
				418F9F5A2982F67500D315D6 /* DiaryEntity+CoreDataClass.swift in Sources */,
				419F484729817980001830C8 /* AppDelegate.swift in Sources */,
				419F48842981A083001830C8 /* DiaryViewController.swift in Sources */,
				419F487F29818C97001830C8 /* TableViewCell.swift in Sources */,
				419F484929817980001830C8 /* SceneDelegate.swift in Sources */,
				419F48862981A2E9001830C8 /* DiaryView.swift in Sources */,
				419F485129817980001830C8 /* Diary.xcdatamodeld in Sources */,
			);
			runOnlyForDeploymentPostprocessing = 0;
		};
		419F485829817981001830C8 /* Sources */ = {
			isa = PBXSourcesBuildPhase;
			buildActionMask = 2147483647;
			files = (
				419F486129817981001830C8 /* DiaryTests.swift in Sources */,
			);
			runOnlyForDeploymentPostprocessing = 0;
		};
		419F486229817981001830C8 /* Sources */ = {
			isa = PBXSourcesBuildPhase;
			buildActionMask = 2147483647;
			files = (
				419F486D29817981001830C8 /* DiaryUITestsLaunchTests.swift in Sources */,
				419F486B29817981001830C8 /* DiaryUITests.swift in Sources */,
			);
			runOnlyForDeploymentPostprocessing = 0;
		};
/* End PBXSourcesBuildPhase section */

/* Begin PBXTargetDependency section */
		419F485E29817981001830C8 /* PBXTargetDependency */ = {
			isa = PBXTargetDependency;
			target = 419F484229817980001830C8 /* Diary */;
			targetProxy = 419F485D29817981001830C8 /* PBXContainerItemProxy */;
		};
		419F486829817981001830C8 /* PBXTargetDependency */ = {
			isa = PBXTargetDependency;
			target = 419F484229817980001830C8 /* Diary */;
			targetProxy = 419F486729817981001830C8 /* PBXContainerItemProxy */;
		};
/* End PBXTargetDependency section */

/* Begin PBXVariantGroup section */
		419F485429817981001830C8 /* LaunchScreen.storyboard */ = {
			isa = PBXVariantGroup;
			children = (
				419F485529817981001830C8 /* Base */,
			);
			name = LaunchScreen.storyboard;
			sourceTree = "<group>";
		};
/* End PBXVariantGroup section */

/* Begin XCBuildConfiguration section */
		419F486E29817981001830C8 /* Debug */ = {
			isa = XCBuildConfiguration;
			buildSettings = {
				ALWAYS_SEARCH_USER_PATHS = NO;
				CLANG_ANALYZER_NONNULL = YES;
				CLANG_ANALYZER_NUMBER_OBJECT_CONVERSION = YES_AGGRESSIVE;
				CLANG_CXX_LANGUAGE_STANDARD = "gnu++20";
				CLANG_ENABLE_MODULES = YES;
				CLANG_ENABLE_OBJC_ARC = YES;
				CLANG_ENABLE_OBJC_WEAK = YES;
				CLANG_WARN_BLOCK_CAPTURE_AUTORELEASING = YES;
				CLANG_WARN_BOOL_CONVERSION = YES;
				CLANG_WARN_COMMA = YES;
				CLANG_WARN_CONSTANT_CONVERSION = YES;
				CLANG_WARN_DEPRECATED_OBJC_IMPLEMENTATIONS = YES;
				CLANG_WARN_DIRECT_OBJC_ISA_USAGE = YES_ERROR;
				CLANG_WARN_DOCUMENTATION_COMMENTS = YES;
				CLANG_WARN_EMPTY_BODY = YES;
				CLANG_WARN_ENUM_CONVERSION = YES;
				CLANG_WARN_INFINITE_RECURSION = YES;
				CLANG_WARN_INT_CONVERSION = YES;
				CLANG_WARN_NON_LITERAL_NULL_CONVERSION = YES;
				CLANG_WARN_OBJC_IMPLICIT_RETAIN_SELF = YES;
				CLANG_WARN_OBJC_LITERAL_CONVERSION = YES;
				CLANG_WARN_OBJC_ROOT_CLASS = YES_ERROR;
				CLANG_WARN_QUOTED_INCLUDE_IN_FRAMEWORK_HEADER = YES;
				CLANG_WARN_RANGE_LOOP_ANALYSIS = YES;
				CLANG_WARN_STRICT_PROTOTYPES = YES;
				CLANG_WARN_SUSPICIOUS_MOVE = YES;
				CLANG_WARN_UNGUARDED_AVAILABILITY = YES_AGGRESSIVE;
				CLANG_WARN_UNREACHABLE_CODE = YES;
				CLANG_WARN__DUPLICATE_METHOD_MATCH = YES;
				COPY_PHASE_STRIP = NO;
				DEBUG_INFORMATION_FORMAT = dwarf;
				ENABLE_STRICT_OBJC_MSGSEND = YES;
				ENABLE_TESTABILITY = YES;
				GCC_C_LANGUAGE_STANDARD = gnu11;
				GCC_DYNAMIC_NO_PIC = NO;
				GCC_NO_COMMON_BLOCKS = YES;
				GCC_OPTIMIZATION_LEVEL = 0;
				GCC_PREPROCESSOR_DEFINITIONS = (
					"DEBUG=1",
					"$(inherited)",
				);
				GCC_WARN_64_TO_32_BIT_CONVERSION = YES;
				GCC_WARN_ABOUT_RETURN_TYPE = YES_ERROR;
				GCC_WARN_UNDECLARED_SELECTOR = YES;
				GCC_WARN_UNINITIALIZED_AUTOS = YES_AGGRESSIVE;
				GCC_WARN_UNUSED_FUNCTION = YES;
				GCC_WARN_UNUSED_VARIABLE = YES;
				IPHONEOS_DEPLOYMENT_TARGET = 16.2;
				MTL_ENABLE_DEBUG_INFO = INCLUDE_SOURCE;
				MTL_FAST_MATH = YES;
				ONLY_ACTIVE_ARCH = YES;
				SDKROOT = iphoneos;
				SWIFT_ACTIVE_COMPILATION_CONDITIONS = DEBUG;
				SWIFT_OPTIMIZATION_LEVEL = "-Onone";
			};
			name = Debug;
		};
		419F486F29817981001830C8 /* Release */ = {
			isa = XCBuildConfiguration;
			buildSettings = {
				ALWAYS_SEARCH_USER_PATHS = NO;
				CLANG_ANALYZER_NONNULL = YES;
				CLANG_ANALYZER_NUMBER_OBJECT_CONVERSION = YES_AGGRESSIVE;
				CLANG_CXX_LANGUAGE_STANDARD = "gnu++20";
				CLANG_ENABLE_MODULES = YES;
				CLANG_ENABLE_OBJC_ARC = YES;
				CLANG_ENABLE_OBJC_WEAK = YES;
				CLANG_WARN_BLOCK_CAPTURE_AUTORELEASING = YES;
				CLANG_WARN_BOOL_CONVERSION = YES;
				CLANG_WARN_COMMA = YES;
				CLANG_WARN_CONSTANT_CONVERSION = YES;
				CLANG_WARN_DEPRECATED_OBJC_IMPLEMENTATIONS = YES;
				CLANG_WARN_DIRECT_OBJC_ISA_USAGE = YES_ERROR;
				CLANG_WARN_DOCUMENTATION_COMMENTS = YES;
				CLANG_WARN_EMPTY_BODY = YES;
				CLANG_WARN_ENUM_CONVERSION = YES;
				CLANG_WARN_INFINITE_RECURSION = YES;
				CLANG_WARN_INT_CONVERSION = YES;
				CLANG_WARN_NON_LITERAL_NULL_CONVERSION = YES;
				CLANG_WARN_OBJC_IMPLICIT_RETAIN_SELF = YES;
				CLANG_WARN_OBJC_LITERAL_CONVERSION = YES;
				CLANG_WARN_OBJC_ROOT_CLASS = YES_ERROR;
				CLANG_WARN_QUOTED_INCLUDE_IN_FRAMEWORK_HEADER = YES;
				CLANG_WARN_RANGE_LOOP_ANALYSIS = YES;
				CLANG_WARN_STRICT_PROTOTYPES = YES;
				CLANG_WARN_SUSPICIOUS_MOVE = YES;
				CLANG_WARN_UNGUARDED_AVAILABILITY = YES_AGGRESSIVE;
				CLANG_WARN_UNREACHABLE_CODE = YES;
				CLANG_WARN__DUPLICATE_METHOD_MATCH = YES;
				COPY_PHASE_STRIP = NO;
				DEBUG_INFORMATION_FORMAT = "dwarf-with-dsym";
				ENABLE_NS_ASSERTIONS = NO;
				ENABLE_STRICT_OBJC_MSGSEND = YES;
				GCC_C_LANGUAGE_STANDARD = gnu11;
				GCC_NO_COMMON_BLOCKS = YES;
				GCC_WARN_64_TO_32_BIT_CONVERSION = YES;
				GCC_WARN_ABOUT_RETURN_TYPE = YES_ERROR;
				GCC_WARN_UNDECLARED_SELECTOR = YES;
				GCC_WARN_UNINITIALIZED_AUTOS = YES_AGGRESSIVE;
				GCC_WARN_UNUSED_FUNCTION = YES;
				GCC_WARN_UNUSED_VARIABLE = YES;
				IPHONEOS_DEPLOYMENT_TARGET = 16.2;
				MTL_ENABLE_DEBUG_INFO = NO;
				MTL_FAST_MATH = YES;
				SDKROOT = iphoneos;
				SWIFT_COMPILATION_MODE = wholemodule;
				SWIFT_OPTIMIZATION_LEVEL = "-O";
				VALIDATE_PRODUCT = YES;
			};
			name = Release;
		};
		419F487129817981001830C8 /* Debug */ = {
			isa = XCBuildConfiguration;
			buildSettings = {
				ASSETCATALOG_COMPILER_APPICON_NAME = AppIcon;
				ASSETCATALOG_COMPILER_GLOBAL_ACCENT_COLOR_NAME = AccentColor;
				CODE_SIGN_STYLE = Automatic;
				CURRENT_PROJECT_VERSION = 1;
				DEVELOPMENT_TEAM = UAG934M4Q7;
				GENERATE_INFOPLIST_FILE = YES;
				INFOPLIST_FILE = Diary/APP/Info.plist;
				INFOPLIST_KEY_UIApplicationSupportsIndirectInputEvents = YES;
				INFOPLIST_KEY_UILaunchStoryboardName = LaunchScreen;
				INFOPLIST_KEY_UIMainStoryboardFile = "";
				INFOPLIST_KEY_UISupportedInterfaceOrientations_iPad = "UIInterfaceOrientationPortrait UIInterfaceOrientationPortraitUpsideDown UIInterfaceOrientationLandscapeLeft UIInterfaceOrientationLandscapeRight";
				INFOPLIST_KEY_UISupportedInterfaceOrientations_iPhone = "UIInterfaceOrientationPortrait UIInterfaceOrientationLandscapeLeft UIInterfaceOrientationLandscapeRight";
				LD_RUNPATH_SEARCH_PATHS = (
					"$(inherited)",
					"@executable_path/Frameworks",
				);
				MARKETING_VERSION = 1.0;
				PRODUCT_BUNDLE_IDENTIFIER = com.dongho.Diary;
				PRODUCT_NAME = "$(TARGET_NAME)";
				SWIFT_EMIT_LOC_STRINGS = YES;
				SWIFT_VERSION = 5.0;
				TARGETED_DEVICE_FAMILY = "1,2";
			};
			name = Debug;
		};
		419F487229817981001830C8 /* Release */ = {
			isa = XCBuildConfiguration;
			buildSettings = {
				ASSETCATALOG_COMPILER_APPICON_NAME = AppIcon;
				ASSETCATALOG_COMPILER_GLOBAL_ACCENT_COLOR_NAME = AccentColor;
				CODE_SIGN_STYLE = Automatic;
				CURRENT_PROJECT_VERSION = 1;
				DEVELOPMENT_TEAM = UAG934M4Q7;
				GENERATE_INFOPLIST_FILE = YES;
				INFOPLIST_FILE = Diary/APP/Info.plist;
				INFOPLIST_KEY_UIApplicationSupportsIndirectInputEvents = YES;
				INFOPLIST_KEY_UILaunchStoryboardName = LaunchScreen;
				INFOPLIST_KEY_UIMainStoryboardFile = "";
				INFOPLIST_KEY_UISupportedInterfaceOrientations_iPad = "UIInterfaceOrientationPortrait UIInterfaceOrientationPortraitUpsideDown UIInterfaceOrientationLandscapeLeft UIInterfaceOrientationLandscapeRight";
				INFOPLIST_KEY_UISupportedInterfaceOrientations_iPhone = "UIInterfaceOrientationPortrait UIInterfaceOrientationLandscapeLeft UIInterfaceOrientationLandscapeRight";
				LD_RUNPATH_SEARCH_PATHS = (
					"$(inherited)",
					"@executable_path/Frameworks",
				);
				MARKETING_VERSION = 1.0;
				PRODUCT_BUNDLE_IDENTIFIER = com.dongho.Diary;
				PRODUCT_NAME = "$(TARGET_NAME)";
				SWIFT_EMIT_LOC_STRINGS = YES;
				SWIFT_VERSION = 5.0;
				TARGETED_DEVICE_FAMILY = "1,2";
			};
			name = Release;
		};
		419F487429817981001830C8 /* Debug */ = {
			isa = XCBuildConfiguration;
			buildSettings = {
				ALWAYS_EMBED_SWIFT_STANDARD_LIBRARIES = YES;
				BUNDLE_LOADER = "$(TEST_HOST)";
				CODE_SIGN_STYLE = Automatic;
				CURRENT_PROJECT_VERSION = 1;
				DEVELOPMENT_TEAM = UAG934M4Q7;
				GENERATE_INFOPLIST_FILE = YES;
				IPHONEOS_DEPLOYMENT_TARGET = 16.2;
				MARKETING_VERSION = 1.0;
				PRODUCT_BUNDLE_IDENTIFIER = com.dongho.DiaryTests;
				PRODUCT_NAME = "$(TARGET_NAME)";
				SWIFT_EMIT_LOC_STRINGS = NO;
				SWIFT_VERSION = 5.0;
				TARGETED_DEVICE_FAMILY = "1,2";
				TEST_HOST = "$(BUILT_PRODUCTS_DIR)/Diary.app/$(BUNDLE_EXECUTABLE_FOLDER_PATH)/Diary";
			};
			name = Debug;
		};
		419F487529817981001830C8 /* Release */ = {
			isa = XCBuildConfiguration;
			buildSettings = {
				ALWAYS_EMBED_SWIFT_STANDARD_LIBRARIES = YES;
				BUNDLE_LOADER = "$(TEST_HOST)";
				CODE_SIGN_STYLE = Automatic;
				CURRENT_PROJECT_VERSION = 1;
				DEVELOPMENT_TEAM = UAG934M4Q7;
				GENERATE_INFOPLIST_FILE = YES;
				IPHONEOS_DEPLOYMENT_TARGET = 16.2;
				MARKETING_VERSION = 1.0;
				PRODUCT_BUNDLE_IDENTIFIER = com.dongho.DiaryTests;
				PRODUCT_NAME = "$(TARGET_NAME)";
				SWIFT_EMIT_LOC_STRINGS = NO;
				SWIFT_VERSION = 5.0;
				TARGETED_DEVICE_FAMILY = "1,2";
				TEST_HOST = "$(BUILT_PRODUCTS_DIR)/Diary.app/$(BUNDLE_EXECUTABLE_FOLDER_PATH)/Diary";
			};
			name = Release;
		};
		419F487729817981001830C8 /* Debug */ = {
			isa = XCBuildConfiguration;
			buildSettings = {
				ALWAYS_EMBED_SWIFT_STANDARD_LIBRARIES = YES;
				CODE_SIGN_STYLE = Automatic;
				CURRENT_PROJECT_VERSION = 1;
				DEVELOPMENT_TEAM = UAG934M4Q7;
				GENERATE_INFOPLIST_FILE = YES;
				MARKETING_VERSION = 1.0;
				PRODUCT_BUNDLE_IDENTIFIER = com.dongho.DiaryUITests;
				PRODUCT_NAME = "$(TARGET_NAME)";
				SWIFT_EMIT_LOC_STRINGS = NO;
				SWIFT_VERSION = 5.0;
				TARGETED_DEVICE_FAMILY = "1,2";
				TEST_TARGET_NAME = Diary;
			};
			name = Debug;
		};
		419F487829817981001830C8 /* Release */ = {
			isa = XCBuildConfiguration;
			buildSettings = {
				ALWAYS_EMBED_SWIFT_STANDARD_LIBRARIES = YES;
				CODE_SIGN_STYLE = Automatic;
				CURRENT_PROJECT_VERSION = 1;
				DEVELOPMENT_TEAM = UAG934M4Q7;
				GENERATE_INFOPLIST_FILE = YES;
				MARKETING_VERSION = 1.0;
				PRODUCT_BUNDLE_IDENTIFIER = com.dongho.DiaryUITests;
				PRODUCT_NAME = "$(TARGET_NAME)";
				SWIFT_EMIT_LOC_STRINGS = NO;
				SWIFT_VERSION = 5.0;
				TARGETED_DEVICE_FAMILY = "1,2";
				TEST_TARGET_NAME = Diary;
			};
			name = Release;
		};
/* End XCBuildConfiguration section */

/* Begin XCConfigurationList section */
		419F483E29817980001830C8 /* Build configuration list for PBXProject "Diary" */ = {
			isa = XCConfigurationList;
			buildConfigurations = (
				419F486E29817981001830C8 /* Debug */,
				419F486F29817981001830C8 /* Release */,
			);
			defaultConfigurationIsVisible = 0;
			defaultConfigurationName = Release;
		};
		419F487029817981001830C8 /* Build configuration list for PBXNativeTarget "Diary" */ = {
			isa = XCConfigurationList;
			buildConfigurations = (
				419F487129817981001830C8 /* Debug */,
				419F487229817981001830C8 /* Release */,
			);
			defaultConfigurationIsVisible = 0;
			defaultConfigurationName = Release;
		};
		419F487329817981001830C8 /* Build configuration list for PBXNativeTarget "DiaryTests" */ = {
			isa = XCConfigurationList;
			buildConfigurations = (
				419F487429817981001830C8 /* Debug */,
				419F487529817981001830C8 /* Release */,
			);
			defaultConfigurationIsVisible = 0;
			defaultConfigurationName = Release;
		};
		419F487629817981001830C8 /* Build configuration list for PBXNativeTarget "DiaryUITests" */ = {
			isa = XCConfigurationList;
			buildConfigurations = (
				419F487729817981001830C8 /* Debug */,
				419F487829817981001830C8 /* Release */,
			);
			defaultConfigurationIsVisible = 0;
			defaultConfigurationName = Release;
		};
/* End XCConfigurationList section */

/* Begin XCRemoteSwiftPackageReference section */
		419F487929817D91001830C8 /* XCRemoteSwiftPackageReference "SnapKit" */ = {
			isa = XCRemoteSwiftPackageReference;
			repositoryURL = "https://github.com/SnapKit/SnapKit.git";
			requirement = {
				branch = develop;
				kind = branch;
			};
		};
/* End XCRemoteSwiftPackageReference section */

/* Begin XCSwiftPackageProductDependency section */
		419F487A29817D91001830C8 /* SnapKit */ = {
			isa = XCSwiftPackageProductDependency;
			package = 419F487929817D91001830C8 /* XCRemoteSwiftPackageReference "SnapKit" */;
			productName = SnapKit;
		};
/* End XCSwiftPackageProductDependency section */

/* Begin XCVersionGroup section */
		419F484F29817980001830C8 /* Diary.xcdatamodeld */ = {
			isa = XCVersionGroup;
			children = (
				419F485029817980001830C8 /* Diary.xcdatamodel */,
			);
			currentVersion = 419F485029817980001830C8 /* Diary.xcdatamodel */;
			path = Diary.xcdatamodeld;
			sourceTree = "<group>";
			versionGroupType = wrapper.xcdatamodel;
		};
/* End XCVersionGroup section */
	};
	rootObject = 419F483B29817980001830C8 /* Project object */;
}
